
Microsoft Visual Studio Solution File, Format Version 12.00
# Visual Studio 14
VisualStudioVersion = 14.0.25123.0
MinimumVisualStudioVersion = 10.0.40219.1
Project("{FAE04EC0-301F-11D3-BF4B-00C04F79EFBC}") = "barley-break", "barley-break\barley-break.csproj", "{40FE7687-7E08-472F-A77E-A8CFC471CF3D}"
EndProject
Project("{FAE04EC0-301F-11D3-BF4B-00C04F79EFBC}") = "TestBarleyBreak", "TestBarleyBreak\TestBarleyBreak.csproj", "{A0A48A77-9C0B-4BE8-B220-3A39C9185288}"
EndProject
Global
	GlobalSection(SolutionConfigurationPlatforms) = preSolution
		Debug|Any CPU = Debug|Any CPU
		Release|Any CPU = Release|Any CPU
	EndGlobalSection
	GlobalSection(ProjectConfigurationPlatforms) = postSolution
		{40FE7687-7E08-472F-A77E-A8CFC471CF3D}.Debug|Any CPU.ActiveCfg = Debug|Any CPU
		{40FE7687-7E08-472F-A77E-A8CFC471CF3D}.Debug|Any CPU.Build.0 = Debug|Any CPU
		{40FE7687-7E08-472F-A77E-A8CFC471CF3D}.Release|Any CPU.ActiveCfg = Release|Any CPU
		{40FE7687-7E08-472F-A77E-A8CFC471CF3D}.Release|Any CPU.Build.0 = Release|Any CPU
		{A0A48A77-9C0B-4BE8-B220-3A39C9185288}.Debug|Any CPU.ActiveCfg = Debug|Any CPU
		{A0A48A77-9C0B-4BE8-B220-3A39C9185288}.Debug|Any CPU.Build.0 = Debug|Any CPU
		{A0A48A77-9C0B-4BE8-B220-3A39C9185288}.Release|Any CPU.ActiveCfg = Release|Any CPU
		{A0A48A77-9C0B-4BE8-B220-3A39C9185288}.Release|Any CPU.Build.0 = Release|Any CPU
	EndGlobalSection
	GlobalSection(SolutionProperties) = preSolution
		HideSolutionNode = FALSE
	EndGlobalSection
EndGlobal
